
Microsoft Visual Studio Solution File, Format Version 12.00
# Visual Studio Version 17
VisualStudioVersion = 17.1.31903.286
MinimumVisualStudioVersion = 10.0.40219.1
Project("{FAE04EC0-301F-11D3-BF4B-00C04F79EFBC}") = "DesignPatternsLibrary", "DesignPatternsLibrary.csproj", "{29BDBBDE-EF38-4265-86BA-0483C72219F3}"
EndProject
Project("{FAE04EC0-301F-11D3-BF4B-00C04F79EFBC}") = "TestCases", "..\TestCases\TestCases.csproj", "{8A72AB4E-F205-4412-B090-29E3E95F6E7B}"
EndProject
Global
	GlobalSection(SolutionConfigurationPlatforms) = preSolution
		Debug|Any CPU = Debug|Any CPU
		Release|Any CPU = Release|Any CPU
	EndGlobalSection
	GlobalSection(ProjectConfigurationPlatforms) = postSolution
		{29BDBBDE-EF38-4265-86BA-0483C72219F3}.Debug|Any CPU.ActiveCfg = Debug|Any CPU
		{29BDBBDE-EF38-4265-86BA-0483C72219F3}.Debug|Any CPU.Build.0 = Debug|Any CPU
		{29BDBBDE-EF38-4265-86BA-0483C72219F3}.Release|Any CPU.ActiveCfg = Release|Any CPU
		{29BDBBDE-EF38-4265-86BA-0483C72219F3}.Release|Any CPU.Build.0 = Release|Any CPU
		{8A72AB4E-F205-4412-B090-29E3E95F6E7B}.Debug|Any CPU.ActiveCfg = Debug|Any CPU
		{8A72AB4E-F205-4412-B090-29E3E95F6E7B}.Debug|Any CPU.Build.0 = Debug|Any CPU
		{8A72AB4E-F205-4412-B090-29E3E95F6E7B}.Release|Any CPU.ActiveCfg = Release|Any CPU
		{8A72AB4E-F205-4412-B090-29E3E95F6E7B}.Release|Any CPU.Build.0 = Release|Any CPU
	EndGlobalSection
	GlobalSection(SolutionProperties) = preSolution
		HideSolutionNode = FALSE
	EndGlobalSection
	GlobalSection(ExtensibilityGlobals) = postSolution
		SolutionGuid = {237CEF10-BC81-428C-894A-3B52AB18F04E}
	EndGlobalSection
EndGlobal
